# THIS IS AN AUTOGENERATED FILE. DO NOT EDIT THIS FILE DIRECTLY.
# yarn lockfile v1


handler-agent@0.2.0:
  version "0.2.0"
  resolved "https://registry.yarnpkg.com/handler-agent/-/handler-agent-0.2.0.tgz#bb77cd70b60bd7073b5327a7c3dbaec9420165d4"
  integrity sha512-cUduQxa5p3TFtGmb55mrRbkk/3EJCsLSeFrCIuTakQHQlYVWXeW2L9IUQUHyoHLI4UgpBNaN2JrZ0He1jPu+vg==

micri@^4.5.0:
  version "4.5.0"
  resolved "https://registry.yarnpkg.com/micri/-/micri-4.5.0.tgz#407d05c4d11a6967c9757b3bd95235cf9264a839"
  integrity sha512-HcfgPyvXUHZXnA6OopIHg1c1lcyakoBPmgxiZGIiguvERDn7Kx3a3oar867IiLS3bTtfhnNwQ7Kgi/dNf5xctg==
  dependencies:
    handler-agent "0.2.0"
