# THIS IS AN AUTOGENERATED FILE. DO NOT EDIT THIS FILE DIRECTLY.
# yarn lockfile v1


decode-uri-component@^0.4.1:
  version "0.4.1"
  resolved "https://registry.yarnpkg.com/decode-uri-component/-/decode-uri-component-0.4.1.tgz#2ac4859663c704be22bf7db760a1494a49ab2cc5"
  integrity sha512-+8VxcR21HhTy8nOt6jf20w0c9CADrw1O8d+VZ/YzzCt4bJ3uBjw+D1q2osAB8RnpwwaeYBxy0HyKQxD5JBMuuQ==

filter-obj@^5.1.0:
  version "5.1.0"
  resolved "https://registry.yarnpkg.com/filter-obj/-/filter-obj-5.1.0.tgz#5bd89676000a713d7db2e197f660274428e524ed"
  integrity sha512-qWeTREPoT7I0bifpPUXtxkZJ1XJzxWtfoWWkdVGqa+eCr3SHW/Ocp89o8vLvbUuQnadybJpjOKu4V+RwO6sGng==

handler-agent@0.2.0:
  version "0.2.0"
  resolved "https://registry.yarnpkg.com/handler-agent/-/handler-agent-0.2.0.tgz#bb77cd70b60bd7073b5327a7c3dbaec9420165d4"
  integrity sha512-cUduQxa5p3TFtGmb55mrRbkk/3EJCsLSeFrCIuTakQHQlYVWXeW2L9IUQUHyoHLI4UgpBNaN2JrZ0He1jPu+vg==

micri@^4.5.0:
  version "4.5.0"
  resolved "https://registry.yarnpkg.com/micri/-/micri-4.5.0.tgz#407d05c4d11a6967c9757b3bd95235cf9264a839"
  integrity sha512-HcfgPyvXUHZXnA6OopIHg1c1lcyakoBPmgxiZGIiguvERDn7Kx3a3oar867IiLS3bTtfhnNwQ7Kgi/dNf5xctg==
  dependencies:
    handler-agent "0.2.0"

node-fetch@^2:
  version "2.6.7"
  resolved "https://registry.yarnpkg.com/node-fetch/-/node-fetch-2.6.7.tgz#24de9fba827e3b4ae44dc8b20256a379160052ad"
  integrity sha512-ZjMPFEfVx5j+y2yF35Kzx5sF7kDzxuDj6ziH4FFbOp87zKDZNx8yExJIb05OGF4Nlt9IHFIMBkRl41VdvcNdbQ==
  dependencies:
    whatwg-url "^5.0.0"

query-string@^8.0.0:
  version "8.1.0"
  resolved "https://registry.yarnpkg.com/query-string/-/query-string-8.1.0.tgz#e7f95367737219544cd360a11a4f4ca03836e115"
  integrity sha512-BFQeWxJOZxZGix7y+SByG3F36dA0AbTy9o6pSmKFcFz7DAj0re9Frkty3saBn3nHo3D0oZJ/+rx3r8H8r8Jbpw==
  dependencies:
    decode-uri-component "^0.4.1"
    filter-obj "^5.1.0"
    split-on-first "^3.0.0"

split-on-first@^3.0.0:
  version "3.0.0"
  resolved "https://registry.yarnpkg.com/split-on-first/-/split-on-first-3.0.0.tgz#f04959c9ea8101b9b0bbf35a61b9ebea784a23e7"
  integrity sha512-qxQJTx2ryR0Dw0ITYyekNQWpz6f8dGd7vffGNflQQ3Iqj9NJ6qiZ7ELpZsJ/QBhIVAiDfXdag3+Gp8RvWa62AA==

tr46@~0.0.3:
  version "0.0.3"
  resolved "https://registry.yarnpkg.com/tr46/-/tr46-0.0.3.tgz#8184fd347dac9cdc185992f3a6622e14b9d9ab6a"
  integrity sha512-N3WMsuqV66lT30CrXNbEjx4GEwlow3v6rr4mCcv6prnfwhS01rkgyFdjPNBYd9br7LpXV1+Emh01fHnq2Gdgrw==

webidl-conversions@^3.0.0:
  version "3.0.1"
  resolved "https://registry.yarnpkg.com/webidl-conversions/-/webidl-conversions-3.0.1.tgz#24534275e2a7bc6be7bc86611cc16ae0a5654871"
  integrity sha512-2JAn3z8AR6rjK8Sm8orRC0h/bcl/DqL7tRPdGZ4I1CjdF+EaMLmYxBHyXuKL849eucPFhvBoxMsflfOb8kxaeQ==

whatwg-url@^5.0.0:
  version "5.0.0"
  resolved "https://registry.yarnpkg.com/whatwg-url/-/whatwg-url-5.0.0.tgz#966454e8765462e37644d3626f6742ce8b70965d"
  integrity sha512-saE57nupxk6v3HY35+jzBwYa0rKSy0XR8JSxZPwgLr7ys0IBzhGviA1/TUGJLmSVqs8pb9AnvICXEuOHLprYTw==
  dependencies:
    tr46 "~0.0.3"
    webidl-conversions "^3.0.0"
