# THIS IS AN AUTOGENERATED FILE. DO NOT EDIT THIS FILE DIRECTLY.
# yarn lockfile v1


aggregate-error@^3.0.0:
  version "3.1.0"
  resolved "https://registry.yarnpkg.com/aggregate-error/-/aggregate-error-3.1.0.tgz#92670ff50f5359bdb7a3e0d40d0ec30c5737687a"
  integrity sha512-4I7Td01quW/RpocfNayFdFVk1qSuoh0E7JrbRJ16nH01HhKFQ88INq9Sd+nd72zqRySlr9BmDA8xlEJ6vJMrYA==
  dependencies:
    clean-stack "^2.0.0"
    indent-string "^4.0.0"

clean-stack@^2.0.0:
  version "2.2.0"
  resolved "https://registry.yarnpkg.com/clean-stack/-/clean-stack-2.2.0.tgz#ee8472dbb129e727b31e8a10a427dee9dfe4008b"
  integrity sha512-4diC9HaTE+KRAMWhDhrGOECgWZxoevMc5TlkObMqNSsVU62PYzXZ/SMTjzyGAFF1YusgxGcSWTEXBhp0CPwQ1A==

handler-agent@0.2.0:
  version "0.2.0"
  resolved "https://registry.yarnpkg.com/handler-agent/-/handler-agent-0.2.0.tgz#bb77cd70b60bd7073b5327a7c3dbaec9420165d4"
  integrity sha512-cUduQxa5p3TFtGmb55mrRbkk/3EJCsLSeFrCIuTakQHQlYVWXeW2L9IUQUHyoHLI4UgpBNaN2JrZ0He1jPu+vg==

indent-string@^4.0.0:
  version "4.0.0"
  resolved "https://registry.yarnpkg.com/indent-string/-/indent-string-4.0.0.tgz#624f8f4497d619b2d9768531d58f4122854d7251"
  integrity sha512-EdDDZu4A2OyIK7Lr/2zG+w5jmbuk1DVBnEwREQvBzspBJkCEbRa8GxU1lghYcaGJCnRWibjDXlq779X1/y5xwg==

micri@^4.5.0:
  version "4.5.0"
  resolved "https://registry.yarnpkg.com/micri/-/micri-4.5.0.tgz#407d05c4d11a6967c9757b3bd95235cf9264a839"
  integrity sha512-HcfgPyvXUHZXnA6OopIHg1c1lcyakoBPmgxiZGIiguvERDn7Kx3a3oar867IiLS3bTtfhnNwQ7Kgi/dNf5xctg==
  dependencies:
    handler-agent "0.2.0"

p-all@^3:
  version "3.0.0"
  resolved "https://registry.yarnpkg.com/p-all/-/p-all-3.0.0.tgz#077c023c37e75e760193badab2bad3ccd5782bfb"
  integrity sha512-qUZbvbBFVXm6uJ7U/WDiO0fv6waBMbjlCm4E66oZdRR+egswICarIdHyVSZZHudH8T5SF8x/JG0q0duFzPnlBw==
  dependencies:
    p-map "^4.0.0"

p-map@^4.0.0:
  version "4.0.0"
  resolved "https://registry.yarnpkg.com/p-map/-/p-map-4.0.0.tgz#bb2f95a5eda2ec168ec9274e06a747c3e2904d2b"
  integrity sha512-/bjOqmgETBYB5BoEeGVea8dmvHb2m9GLy1E9W43yeyfP6QQCZGFNa+XRceJEuDB6zqr+gKpIAmlLebMpykw/MQ==
  dependencies:
    aggregate-error "^3.0.0"
